// !$*UTF8*$!
{
	archiveVersion = 1;
	classes = {
	};
	objectVersion = 56;
	objects = {

/* Begin PBXBuildFile section */
		F2F500AD2CF1F7A500492BAA /* NewsApp.swift in Sources */ = {isa = PBXBuildFile; fileRef = F2F500AC2CF1F7A500492BAA /* NewsApp.swift */; };
		F2F500AF2CF1F7A500492BAA /* HomeView.swift in Sources */ = {isa = PBXBuildFile; fileRef = F2F500AE2CF1F7A500492BAA /* HomeView.swift */; };
		F2F500B12CF1F7A700492BAA /* Assets.xcassets in Resources */ = {isa = PBXBuildFile; fileRef = F2F500B02CF1F7A700492BAA /* Assets.xcassets */; };
		F2F500B42CF1F7A700492BAA /* Preview Assets.xcassets in Resources */ = {isa = PBXBuildFile; fileRef = F2F500B32CF1F7A700492BAA /* Preview Assets.xcassets */; };
		F2F500BB2CF21D8B00492BAA /* NetworkManager.swift in Sources */ = {isa = PBXBuildFile; fileRef = F2F500BA2CF21D8B00492BAA /* NetworkManager.swift */; };
		F2F500BD2CF232F000492BAA /* Model.swift in Sources */ = {isa = PBXBuildFile; fileRef = F2F500BC2CF232F000492BAA /* Model.swift */; };
		F2F500BF2CF2620900492BAA /* NetworkError.swift in Sources */ = {isa = PBXBuildFile; fileRef = F2F500BE2CF2620900492BAA /* NetworkError.swift */; };
		F2F500C12CF3243200492BAA /* ViewModel.swift in Sources */ = {isa = PBXBuildFile; fileRef = F2F500C02CF3243200492BAA /* ViewModel.swift */; };
		F2F500C32CF3A84800492BAA /* Extentions.swift in Sources */ = {isa = PBXBuildFile; fileRef = F2F500C22CF3A84800492BAA /* Extentions.swift */; };
		F2F500C52CF3AC2900492BAA /* TopArticleView.swift in Sources */ = {isa = PBXBuildFile; fileRef = F2F500C42CF3AC2900492BAA /* TopArticleView.swift */; };
		F2F500CB2CF50D6700492BAA /* URLConstants.swift in Sources */ = {isa = PBXBuildFile; fileRef = F2F500CA2CF50D6700492BAA /* URLConstants.swift */; };
		F2F500CD2CF50FA900492BAA /* BottomArticleView.swift in Sources */ = {isa = PBXBuildFile; fileRef = F2F500CC2CF50FA900492BAA /* BottomArticleView.swift */; };
		F2F500CF2CF64C0C00492BAA /* DetailView.swift in Sources */ = {isa = PBXBuildFile; fileRef = F2F500CE2CF64C0C00492BAA /* DetailView.swift */; };
		F2F500D12CF650CD00492BAA /* SizeConstants.swift in Sources */ = {isa = PBXBuildFile; fileRef = F2F500D02CF650CD00492BAA /* SizeConstants.swift */; };
/* End PBXBuildFile section */

/* Begin PBXFileReference section */
		F2F500A92CF1F7A500492BAA /* NewsApp.app */ = {isa = PBXFileReference; explicitFileType = wrapper.application; includeInIndex = 0; path = NewsApp.app; sourceTree = BUILT_PRODUCTS_DIR; };
		F2F500AC2CF1F7A500492BAA /* NewsApp.swift */ = {isa = PBXFileReference; lastKnownFileType = sourcecode.swift; path = NewsApp.swift; sourceTree = "<group>"; };
		F2F500AE2CF1F7A500492BAA /* HomeView.swift */ = {isa = PBXFileReference; lastKnownFileType = sourcecode.swift; path = HomeView.swift; sourceTree = "<group>"; };
		F2F500B02CF1F7A700492BAA /* Assets.xcassets */ = {isa = PBXFileReference; lastKnownFileType = folder.assetcatalog; path = Assets.xcassets; sourceTree = "<group>"; };
		F2F500B32CF1F7A700492BAA /* Preview Assets.xcassets */ = {isa = PBXFileReference; lastKnownFileType = folder.assetcatalog; path = "Preview Assets.xcassets"; sourceTree = "<group>"; };
		F2F500BA2CF21D8B00492BAA /* NetworkManager.swift */ = {isa = PBXFileReference; lastKnownFileType = sourcecode.swift; path = NetworkManager.swift; sourceTree = "<group>"; };
		F2F500BC2CF232F000492BAA /* Model.swift */ = {isa = PBXFileReference; lastKnownFileType = sourcecode.swift; path = Model.swift; sourceTree = "<group>"; };
		F2F500BE2CF2620900492BAA /* NetworkError.swift */ = {isa = PBXFileReference; lastKnownFileType = sourcecode.swift; path = NetworkError.swift; sourceTree = "<group>"; };
		F2F500C02CF3243200492BAA /* ViewModel.swift */ = {isa = PBXFileReference; lastKnownFileType = sourcecode.swift; path = ViewModel.swift; sourceTree = "<group>"; };
		F2F500C22CF3A84800492BAA /* Extentions.swift */ = {isa = PBXFileReference; lastKnownFileType = sourcecode.swift; path = Extentions.swift; sourceTree = "<group>"; };
		F2F500C42CF3AC2900492BAA /* TopArticleView.swift */ = {isa = PBXFileReference; lastKnownFileType = sourcecode.swift; path = TopArticleView.swift; sourceTree = "<group>"; };
		F2F500CA2CF50D6700492BAA /* URLConstants.swift */ = {isa = PBXFileReference; lastKnownFileType = sourcecode.swift; path = URLConstants.swift; sourceTree = "<group>"; };
		F2F500CC2CF50FA900492BAA /* BottomArticleView.swift */ = {isa = PBXFileReference; lastKnownFileType = sourcecode.swift; path = BottomArticleView.swift; sourceTree = "<group>"; };
		F2F500CE2CF64C0C00492BAA /* DetailView.swift */ = {isa = PBXFileReference; lastKnownFileType = sourcecode.swift; path = DetailView.swift; sourceTree = "<group>"; };
		F2F500D02CF650CD00492BAA /* SizeConstants.swift */ = {isa = PBXFileReference; lastKnownFileType = sourcecode.swift; path = SizeConstants.swift; sourceTree = "<group>"; };
/* End PBXFileReference section */

/* Begin PBXFrameworksBuildPhase section */
		F2F500A62CF1F7A500492BAA /* Frameworks */ = {
			isa = PBXFrameworksBuildPhase;
			buildActionMask = 2147483647;
			files = (
			);
			runOnlyForDeploymentPostprocessing = 0;
		};
/* End PBXFrameworksBuildPhase section */

/* Begin PBXGroup section */
		F2F500A02CF1F7A500492BAA = {
			isa = PBXGroup;
			children = (
				F2F500AB2CF1F7A500492BAA /* NewsApp */,
				F2F500AA2CF1F7A500492BAA /* Products */,
			);
			sourceTree = "<group>";
		};
		F2F500AA2CF1F7A500492BAA /* Products */ = {
			isa = PBXGroup;
			children = (
				F2F500A92CF1F7A500492BAA /* NewsApp.app */,
			);
			name = Products;
			sourceTree = "<group>";
		};
		F2F500AB2CF1F7A500492BAA /* NewsApp */ = {
			isa = PBXGroup;
			children = (
				F2F500AC2CF1F7A500492BAA /* NewsApp.swift */,
				F2F500C82CF5066C00492BAA /* View */,
				F2F500C72CF5065800492BAA /* ViewModel */,
				F2F500C62CF5064900492BAA /* Model */,
				F2F500C92CF506A100492BAA /* Helper */,
				F2F500B02CF1F7A700492BAA /* Assets.xcassets */,
				F2F500B22CF1F7A700492BAA /* Preview Content */,
			);
			path = NewsApp;
			sourceTree = "<group>";
		};
		F2F500B22CF1F7A700492BAA /* Preview Content */ = {
			isa = PBXGroup;
			children = (
				F2F500B32CF1F7A700492BAA /* Preview Assets.xcassets */,
			);
			path = "Preview Content";
			sourceTree = "<group>";
		};
		F2F500C62CF5064900492BAA /* Model */ = {
			isa = PBXGroup;
			children = (
				F2F500BC2CF232F000492BAA /* Model.swift */,
			);
			path = Model;
			sourceTree = "<group>";
		};
		F2F500C72CF5065800492BAA /* ViewModel */ = {
			isa = PBXGroup;
			children = (
				F2F500C02CF3243200492BAA /* ViewModel.swift */,
			);
			path = ViewModel;
			sourceTree = "<group>";
		};
		F2F500C82CF5066C00492BAA /* View */ = {
			isa = PBXGroup;
			children = (
				F2F500AE2CF1F7A500492BAA /* HomeView.swift */,
				F2F500C42CF3AC2900492BAA /* TopArticleView.swift */,
				F2F500CC2CF50FA900492BAA /* BottomArticleView.swift */,
				F2F500CE2CF64C0C00492BAA /* DetailView.swift */,
			);
			path = View;
			sourceTree = "<group>";
		};
		F2F500C92CF506A100492BAA /* Helper */ = {
			isa = PBXGroup;
			children = (
				F2F500BE2CF2620900492BAA /* NetworkError.swift */,
				F2F500C22CF3A84800492BAA /* Extentions.swift */,
				F2F500D02CF650CD00492BAA /* SizeConstants.swift */,
				F2F500BA2CF21D8B00492BAA /* NetworkManager.swift */,
				F2F500CA2CF50D6700492BAA /* URLConstants.swift */,
			);
			path = Helper;
			sourceTree = "<group>";
		};
/* End PBXGroup section */

/* Begin PBXNativeTarget section */
		F2F500A82CF1F7A500492BAA /* NewsApp */ = {
			isa = PBXNativeTarget;
			buildConfigurationList = F2F500B72CF1F7A700492BAA /* Build configuration list for PBXNativeTarget "NewsApp" */;
			buildPhases = (
				F2F500A52CF1F7A500492BAA /* Sources */,
				F2F500A62CF1F7A500492BAA /* Frameworks */,
				F2F500A72CF1F7A500492BAA /* Resources */,
			);
			buildRules = (
			);
			dependencies = (
			);
			name = NewsApp;
			productName = NewsApp;
			productReference = F2F500A92CF1F7A500492BAA /* NewsApp.app */;
			productType = "com.apple.product-type.application";
		};
/* End PBXNativeTarget section */

/* Begin PBXProject section */
		F2F500A12CF1F7A500492BAA /* Project object */ = {
			isa = PBXProject;
			attributes = {
				BuildIndependentTargetsInParallel = 1;
				LastSwiftUpdateCheck = 1520;
				LastUpgradeCheck = 1520;
				TargetAttributes = {
					F2F500A82CF1F7A500492BAA = {
						CreatedOnToolsVersion = 15.2;
					};
				};
			};
			buildConfigurationList = F2F500A42CF1F7A500492BAA /* Build configuration list for PBXProject "NewsApp" */;
			compatibilityVersion = "Xcode 14.0";
			developmentRegion = en;
			hasScannedForEncodings = 0;
			knownRegions = (
				en,
				Base,
			);
			mainGroup = F2F500A02CF1F7A500492BAA;
			productRefGroup = F2F500AA2CF1F7A500492BAA /* Products */;
			projectDirPath = "";
			projectRoot = "";
			targets = (
				F2F500A82CF1F7A500492BAA /* NewsApp */,
			);
		};
/* End PBXProject section */

/* Begin PBXResourcesBuildPhase section */
		F2F500A72CF1F7A500492BAA /* Resources */ = {
			isa = PBXResourcesBuildPhase;
			buildActionMask = 2147483647;
			files = (
				F2F500B42CF1F7A700492BAA /* Preview Assets.xcassets in Resources */,
				F2F500B12CF1F7A700492BAA /* Assets.xcassets in Resources */,
			);
			runOnlyForDeploymentPostprocessing = 0;
		};
/* End PBXResourcesBuildPhase section */

/* Begin PBXSourcesBuildPhase section */
		F2F500A52CF1F7A500492BAA /* Sources */ = {
			isa = PBXSourcesBuildPhase;
			buildActionMask = 2147483647;
			files = (
				F2F500BB2CF21D8B00492BAA /* NetworkManager.swift in Sources */,
				F2F500C52CF3AC2900492BAA /* TopArticleView.swift in Sources */,
				F2F500D12CF650CD00492BAA /* SizeConstants.swift in Sources */,
				F2F500AF2CF1F7A500492BAA /* HomeView.swift in Sources */,
				F2F500AD2CF1F7A500492BAA /* NewsApp.swift in Sources */,
				F2F500CD2CF50FA900492BAA /* BottomArticleView.swift in Sources */,
				F2F500CF2CF64C0C00492BAA /* DetailView.swift in Sources */,
				F2F500BD2CF232F000492BAA /* Model.swift in Sources */,
				F2F500C12CF3243200492BAA /* ViewModel.swift in Sources */,
				F2F500CB2CF50D6700492BAA /* URLConstants.swift in Sources */,
				F2F500BF2CF2620900492BAA /* NetworkError.swift in Sources */,
				F2F500C32CF3A84800492BAA /* Extentions.swift in Sources */,
			);
			runOnlyForDeploymentPostprocessing = 0;
		};
/* End PBXSourcesBuildPhase section */

/* Begin XCBuildConfiguration section */
		F2F500B52CF1F7A700492BAA /* Debug */ = {
			isa = XCBuildConfiguration;
			buildSettings = {
				ALWAYS_SEARCH_USER_PATHS = NO;
				ASSETCATALOG_COMPILER_GENERATE_SWIFT_ASSET_SYMBOL_EXTENSIONS = YES;
				CLANG_ANALYZER_NONNULL = YES;
				CLANG_ANALYZER_NUMBER_OBJECT_CONVERSION = YES_AGGRESSIVE;
				CLANG_CXX_LANGUAGE_STANDARD = "gnu++20";
				CLANG_ENABLE_MODULES = YES;
				CLANG_ENABLE_OBJC_ARC = YES;
				CLANG_ENABLE_OBJC_WEAK = YES;
				CLANG_WARN_BLOCK_CAPTURE_AUTORELEASING = YES;
				CLANG_WARN_BOOL_CONVERSION = YES;
				CLANG_WARN_COMMA = YES;
				CLANG_WARN_CONSTANT_CONVERSION = YES;
				CLANG_WARN_DEPRECATED_OBJC_IMPLEMENTATIONS = YES;
				CLANG_WARN_DIRECT_OBJC_ISA_USAGE = YES_ERROR;
				CLANG_WARN_DOCUMENTATION_COMMENTS = YES;
				CLANG_WARN_EMPTY_BODY = YES;
				CLANG_WARN_ENUM_CONVERSION = YES;
				CLANG_WARN_INFINITE_RECURSION = YES;
				CLANG_WARN_INT_CONVERSION = YES;
				CLANG_WARN_NON_LITERAL_NULL_CONVERSION = YES;
				CLANG_WARN_OBJC_IMPLICIT_RETAIN_SELF = YES;
				CLANG_WARN_OBJC_LITERAL_CONVERSION = YES;
				CLANG_WARN_OBJC_ROOT_CLASS = YES_ERROR;
				CLANG_WARN_QUOTED_INCLUDE_IN_FRAMEWORK_HEADER = YES;
				CLANG_WARN_RANGE_LOOP_ANALYSIS = YES;
				CLANG_WARN_STRICT_PROTOTYPES = YES;
				CLANG_WARN_SUSPICIOUS_MOVE = YES;
				CLANG_WARN_UNGUARDED_AVAILABILITY = YES_AGGRESSIVE;
				CLANG_WARN_UNREACHABLE_CODE = YES;
				CLANG_WARN__DUPLICATE_METHOD_MATCH = YES;
				COPY_PHASE_STRIP = NO;
				DEBUG_INFORMATION_FORMAT = dwarf;
				ENABLE_STRICT_OBJC_MSGSEND = YES;
				ENABLE_TESTABILITY = YES;
				ENABLE_USER_SCRIPT_SANDBOXING = YES;
				GCC_C_LANGUAGE_STANDARD = gnu17;
				GCC_DYNAMIC_NO_PIC = NO;
				GCC_NO_COMMON_BLOCKS = YES;
				GCC_OPTIMIZATION_LEVEL = 0;
				GCC_PREPROCESSOR_DEFINITIONS = (
					"DEBUG=1",
					"$(inherited)",
				);
				GCC_WARN_64_TO_32_BIT_CONVERSION = YES;
				GCC_WARN_ABOUT_RETURN_TYPE = YES_ERROR;
				GCC_WARN_UNDECLARED_SELECTOR = YES;
				GCC_WARN_UNINITIALIZED_AUTOS = YES_AGGRESSIVE;
				GCC_WARN_UNUSED_FUNCTION = YES;
				GCC_WARN_UNUSED_VARIABLE = YES;
				IPHONEOS_DEPLOYMENT_TARGET = 17.2;
				LOCALIZATION_PREFERS_STRING_CATALOGS = YES;
				MTL_ENABLE_DEBUG_INFO = INCLUDE_SOURCE;
				MTL_FAST_MATH = YES;
				ONLY_ACTIVE_ARCH = YES;
				SDKROOT = iphoneos;
				SWIFT_ACTIVE_COMPILATION_CONDITIONS = "DEBUG $(inherited)";
				SWIFT_OPTIMIZATION_LEVEL = "-Onone";
			};
			name = Debug;
		};
		F2F500B62CF1F7A700492BAA /* Release */ = {
			isa = XCBuildConfiguration;
			buildSettings = {
				ALWAYS_SEARCH_USER_PATHS = NO;
				ASSETCATALOG_COMPILER_GENERATE_SWIFT_ASSET_SYMBOL_EXTENSIONS = YES;
				CLANG_ANALYZER_NONNULL = YES;
				CLANG_ANALYZER_NUMBER_OBJECT_CONVERSION = YES_AGGRESSIVE;
				CLANG_CXX_LANGUAGE_STANDARD = "gnu++20";
				CLANG_ENABLE_MODULES = YES;
				CLANG_ENABLE_OBJC_ARC = YES;
				CLANG_ENABLE_OBJC_WEAK = YES;
				CLANG_WARN_BLOCK_CAPTURE_AUTORELEASING = YES;
				CLANG_WARN_BOOL_CONVERSION = YES;
				CLANG_WARN_COMMA = YES;
				CLANG_WARN_CONSTANT_CONVERSION = YES;
				CLANG_WARN_DEPRECATED_OBJC_IMPLEMENTATIONS = YES;
				CLANG_WARN_DIRECT_OBJC_ISA_USAGE = YES_ERROR;
				CLANG_WARN_DOCUMENTATION_COMMENTS = YES;
				CLANG_WARN_EMPTY_BODY = YES;
				CLANG_WARN_ENUM_CONVERSION = YES;
				CLANG_WARN_INFINITE_RECURSION = YES;
				CLANG_WARN_INT_CONVERSION = YES;
				CLANG_WARN_NON_LITERAL_NULL_CONVERSION = YES;
				CLANG_WARN_OBJC_IMPLICIT_RETAIN_SELF = YES;
				CLANG_WARN_OBJC_LITERAL_CONVERSION = YES;
				CLANG_WARN_OBJC_ROOT_CLASS = YES_ERROR;
				CLANG_WARN_QUOTED_INCLUDE_IN_FRAMEWORK_HEADER = YES;
				CLANG_WARN_RANGE_LOOP_ANALYSIS = YES;
				CLANG_WARN_STRICT_PROTOTYPES = YES;
				CLANG_WARN_SUSPICIOUS_MOVE = YES;
				CLANG_WARN_UNGUARDED_AVAILABILITY = YES_AGGRESSIVE;
				CLANG_WARN_UNREACHABLE_CODE = YES;
				CLANG_WARN__DUPLICATE_METHOD_MATCH = YES;
				COPY_PHASE_STRIP = NO;
				DEBUG_INFORMATION_FORMAT = "dwarf-with-dsym";
				ENABLE_NS_ASSERTIONS = NO;
				ENABLE_STRICT_OBJC_MSGSEND = YES;
				ENABLE_USER_SCRIPT_SANDBOXING = YES;
				GCC_C_LANGUAGE_STANDARD = gnu17;
				GCC_NO_COMMON_BLOCKS = YES;
				GCC_WARN_64_TO_32_BIT_CONVERSION = YES;
				GCC_WARN_ABOUT_RETURN_TYPE = YES_ERROR;
				GCC_WARN_UNDECLARED_SELECTOR = YES;
				GCC_WARN_UNINITIALIZED_AUTOS = YES_AGGRESSIVE;
				GCC_WARN_UNUSED_FUNCTION = YES;
				GCC_WARN_UNUSED_VARIABLE = YES;
				IPHONEOS_DEPLOYMENT_TARGET = 17.2;
				LOCALIZATION_PREFERS_STRING_CATALOGS = YES;
				MTL_ENABLE_DEBUG_INFO = NO;
				MTL_FAST_MATH = YES;
				SDKROOT = iphoneos;
				SWIFT_COMPILATION_MODE = wholemodule;
				VALIDATE_PRODUCT = YES;
			};
			name = Release;
		};
		F2F500B82CF1F7A700492BAA /* Debug */ = {
			isa = XCBuildConfiguration;
			buildSettings = {
				ASSETCATALOG_COMPILER_APPICON_NAME = AppIcon;
				ASSETCATALOG_COMPILER_GLOBAL_ACCENT_COLOR_NAME = AccentColor;
				CODE_SIGN_STYLE = Automatic;
				CURRENT_PROJECT_VERSION = 1;
				DEVELOPMENT_ASSET_PATHS = "\"NewsApp/Preview Content\"";
				DEVELOPMENT_TEAM = M37X5B5U46;
				ENABLE_PREVIEWS = YES;
				GENERATE_INFOPLIST_FILE = YES;
				INFOPLIST_KEY_UIApplicationSceneManifest_Generation = YES;
				INFOPLIST_KEY_UIApplicationSupportsIndirectInputEvents = YES;
				INFOPLIST_KEY_UILaunchScreen_Generation = YES;
				INFOPLIST_KEY_UISupportedInterfaceOrientations_iPad = "UIInterfaceOrientationPortrait UIInterfaceOrientationPortraitUpsideDown UIInterfaceOrientationLandscapeLeft UIInterfaceOrientationLandscapeRight";
				INFOPLIST_KEY_UISupportedInterfaceOrientations_iPhone = "UIInterfaceOrientationPortrait UIInterfaceOrientationLandscapeLeft UIInterfaceOrientationLandscapeRight";
				LD_RUNPATH_SEARCH_PATHS = (
					"$(inherited)",
					"@executable_path/Frameworks",
				);
				MARKETING_VERSION = 1.0;
				PRODUCT_BUNDLE_IDENTIFIER = DenisSavishchev.NewsApp;
				PRODUCT_NAME = "$(TARGET_NAME)";
				SWIFT_EMIT_LOC_STRINGS = YES;
				SWIFT_VERSION = 5.0;
				TARGETED_DEVICE_FAMILY = "1,2";
			};
			name = Debug;
		};
		F2F500B92CF1F7A700492BAA /* Release */ = {
			isa = XCBuildConfiguration;
			buildSettings = {
				ASSETCATALOG_COMPILER_APPICON_NAME = AppIcon;
				ASSETCATALOG_COMPILER_GLOBAL_ACCENT_COLOR_NAME = AccentColor;
				CODE_SIGN_STYLE = Automatic;
				CURRENT_PROJECT_VERSION = 1;
				DEVELOPMENT_ASSET_PATHS = "\"NewsApp/Preview Content\"";
				DEVELOPMENT_TEAM = M37X5B5U46;
				ENABLE_PREVIEWS = YES;
				GENERATE_INFOPLIST_FILE = YES;
				INFOPLIST_KEY_UIApplicationSceneManifest_Generation = YES;
				INFOPLIST_KEY_UIApplicationSupportsIndirectInputEvents = YES;
				INFOPLIST_KEY_UILaunchScreen_Generation = YES;
				INFOPLIST_KEY_UISupportedInterfaceOrientations_iPad = "UIInterfaceOrientationPortrait UIInterfaceOrientationPortraitUpsideDown UIInterfaceOrientationLandscapeLeft UIInterfaceOrientationLandscapeRight";
				INFOPLIST_KEY_UISupportedInterfaceOrientations_iPhone = "UIInterfaceOrientationPortrait UIInterfaceOrientationLandscapeLeft UIInterfaceOrientationLandscapeRight";
				LD_RUNPATH_SEARCH_PATHS = (
					"$(inherited)",
					"@executable_path/Frameworks",
				);
				MARKETING_VERSION = 1.0;
				PRODUCT_BUNDLE_IDENTIFIER = DenisSavishchev.NewsApp;
				PRODUCT_NAME = "$(TARGET_NAME)";
				SWIFT_EMIT_LOC_STRINGS = YES;
				SWIFT_VERSION = 5.0;
				TARGETED_DEVICE_FAMILY = "1,2";
			};
			name = Release;
		};
/* End XCBuildConfiguration section */

/* Begin XCConfigurationList section */
		F2F500A42CF1F7A500492BAA /* Build configuration list for PBXProject "NewsApp" */ = {
			isa = XCConfigurationList;
			buildConfigurations = (
				F2F500B52CF1F7A700492BAA /* Debug */,
				F2F500B62CF1F7A700492BAA /* Release */,
			);
			defaultConfigurationIsVisible = 0;
			defaultConfigurationName = Release;
		};
		F2F500B72CF1F7A700492BAA /* Build configuration list for PBXNativeTarget "NewsApp" */ = {
			isa = XCConfigurationList;
			buildConfigurations = (
				F2F500B82CF1F7A700492BAA /* Debug */,
				F2F500B92CF1F7A700492BAA /* Release */,
			);
			defaultConfigurationIsVisible = 0;
			defaultConfigurationName = Release;
		};
/* End XCConfigurationList section */
	};
	rootObject = F2F500A12CF1F7A500492BAA /* Project object */;
}
